
Microsoft Visual Studio Solution File, Format Version 12.00
# Visual Studio Version 17
VisualStudioVersion = 17.2.32516.85
MinimumVisualStudioVersion = 10.0.40219.1
Project("{FAE04EC0-301F-11D3-BF4B-00C04F79EFBC}") = "FirstWebApplication", "FirstWebApplication\FirstWebApplication.csproj", "{6C7AC329-5EBE-4EFF-A72D-852E85E249DA}"
EndProject
Global
	GlobalSection(SolutionConfigurationPlatforms) = preSolution
		Debug|Any CPU = Debug|Any CPU
		Release|Any CPU = Release|Any CPU
	EndGlobalSection
	GlobalSection(ProjectConfigurationPlatforms) = postSolution
		{6C7AC329-5EBE-4EFF-A72D-852E85E249DA}.Debug|Any CPU.ActiveCfg = Debug|Any CPU
		{6C7AC329-5EBE-4EFF-A72D-852E85E249DA}.Debug|Any CPU.Build.0 = Debug|Any CPU
		{6C7AC329-5EBE-4EFF-A72D-852E85E249DA}.Release|Any CPU.ActiveCfg = Release|Any CPU
		{6C7AC329-5EBE-4EFF-A72D-852E85E249DA}.Release|Any CPU.Build.0 = Release|Any CPU
	EndGlobalSection
	GlobalSection(SolutionProperties) = preSolution
		HideSolutionNode = FALSE
	EndGlobalSection
	GlobalSection(ExtensibilityGlobals) = postSolution
		SolutionGuid = {0C2A265B-1DDF-43DA-86EF-E57E95E776E1}
	EndGlobalSection
EndGlobal
