
Microsoft Visual Studio Solution File, Format Version 12.00
# Visual Studio Version 17
VisualStudioVersion = 17.2.32516.85
MinimumVisualStudioVersion = 10.0.40219.1
Project("{FAE04EC0-301F-11D3-BF4B-00C04F79EFBC}") = "week2LabcClass", "week2LabcClass\week2LabcClass.csproj", "{894DD427-9C92-401B-A51B-5A3852FA51EB}"
EndProject
Global
	GlobalSection(SolutionConfigurationPlatforms) = preSolution
		Debug|Any CPU = Debug|Any CPU
		Release|Any CPU = Release|Any CPU
	EndGlobalSection
	GlobalSection(ProjectConfigurationPlatforms) = postSolution
		{894DD427-9C92-401B-A51B-5A3852FA51EB}.Debug|Any CPU.ActiveCfg = Debug|Any CPU
		{894DD427-9C92-401B-A51B-5A3852FA51EB}.Debug|Any CPU.Build.0 = Debug|Any CPU
		{894DD427-9C92-401B-A51B-5A3852FA51EB}.Release|Any CPU.ActiveCfg = Release|Any CPU
		{894DD427-9C92-401B-A51B-5A3852FA51EB}.Release|Any CPU.Build.0 = Release|Any CPU
	EndGlobalSection
	GlobalSection(SolutionProperties) = preSolution
		HideSolutionNode = FALSE
	EndGlobalSection
	GlobalSection(ExtensibilityGlobals) = postSolution
		SolutionGuid = {028645FE-D326-4F03-8F9F-6C13894DA767}
	EndGlobalSection
EndGlobal
